
Microsoft Visual Studio Solution File, Format Version 12.00
# Visual Studio Version 16
VisualStudioVersion = 16.0.30011.22
MinimumVisualStudioVersion = 10.0.40219.1
Project("{FAE04EC0-301F-11D3-BF4B-00C04F79EFBC}") = "ZOO_PROYECT", "ZOO_PROYECT\ZOO_PROYECT.csproj", "{2D3F45D6-876E-4F38-95AD-087357E48265}"
EndProject
Global
	GlobalSection(SolutionConfigurationPlatforms) = preSolution
		Debug|Any CPU = Debug|Any CPU
		Release|Any CPU = Release|Any CPU
	EndGlobalSection
	GlobalSection(ProjectConfigurationPlatforms) = postSolution
		{2D3F45D6-876E-4F38-95AD-087357E48265}.Debug|Any CPU.ActiveCfg = Debug|Any CPU
		{2D3F45D6-876E-4F38-95AD-087357E48265}.Debug|Any CPU.Build.0 = Debug|Any CPU
		{2D3F45D6-876E-4F38-95AD-087357E48265}.Release|Any CPU.ActiveCfg = Release|Any CPU
		{2D3F45D6-876E-4F38-95AD-087357E48265}.Release|Any CPU.Build.0 = Release|Any CPU
	EndGlobalSection
	GlobalSection(SolutionProperties) = preSolution
		HideSolutionNode = FALSE
	EndGlobalSection
	GlobalSection(ExtensibilityGlobals) = postSolution
		SolutionGuid = {EDC1AAB5-DEE9-4A16-BE48-C94CA005D7E1}
	EndGlobalSection
EndGlobal
